<?xml version="1.0" encoding="utf-8"?>
<Project ToolsVersion="4.0" xmlns="http://schemas.microsoft.com/developer/msbuild/2003">
  <ItemGroup>
    <Filter Include="Source Files">
      <UniqueIdentifier>{f3b0147d-d368-440f-93ce-4a2c02b26fd4}</UniqueIdentifier>
      <Extensions>cpp;c;cxx;def;odl;idl;hpj;bat;asm</Extensions>
    </Filter>
    <Filter Include="Header Files">
      <UniqueIdentifier>{219ed23b-3146-4970-87fb-97b1b328bd4d}</UniqueIdentifier>
      <Extensions>h;hpp;hxx;hm;inl;inc</Extensions>
    </Filter>
    <Filter Include="Resource Files">
      <UniqueIdentifier>{08b8ecab-df17-4576-8602-e9944bff8fe7}</UniqueIdentifier>
      <Extensions>rc;ico;cur;bmp;dlg;rc2;rct;bin;rgs;jpg;jpeg;jpe;manifest</Extensions>
    </Filter>
    <Filter Include="Commands">
      <UniqueIdentifier>{d644059d-f705-47bf-9068-526bfb11664d}</UniqueIdentifier>
    </Filter>
    <Filter Include="Details">
      <UniqueIdentifier>{3ad0206e-3808-4133-ae2a-9c066664d2e3}</UniqueIdentifier>
    </Filter>
    <Filter Include="Dialogs">
      <UniqueIdentifier>{87872ab2-ccc4-4141-85a2-c9df3b335869}</UniqueIdentifier>
    </Filter>
    <Filter Include="Resource Files\Icons">
      <UniqueIdentifier>{bdb1b0c2-4bc6-49bb-ba0e-4922c1f15e74}</UniqueIdentifier>
    </Filter>
  </ItemGroup>
  <ItemGroup>
    <ClCompile Include="stdafx.cpp">
      <Filter>Source Files</Filter>
    </ClCompile>
    <ClCompile Include="RegEditX.cpp">
      <Filter>Source Files</Filter>
    </ClCompile>
    <ClCompile Include="MainFrm.cpp">
      <Filter>Source Files</Filter>
    </ClCompile>
    <ClCompile Include="View.cpp">
      <Filter>Source Files</Filter>
    </ClCompile>
    <ClCompile Include="RegistryManager.cpp">
      <Filter>Source Files</Filter>
    </ClCompile>
    <ClCompile Include="TreeNodes.cpp">
      <Filter>Source Files</Filter>
    </ClCompile>
    <ClCompile Include="CommandManager.cpp">
      <Filter>Source Files</Filter>
    </ClCompile>
    <ClCompile Include="CreateNewKeyCommand.cpp">
      <Filter>Commands</Filter>
    </ClCompile>
    <ClCompile Include="TreeNode.cpp">
      <Filter>Source Files</Filter>
    </ClCompile>
    <ClCompile Include="AppCommandBase.cpp">
      <Filter>Source Files</Filter>
    </ClCompile>
    <ClCompile Include="RenameKeyCommand.cpp">
      <Filter>Commands</Filter>
    </ClCompile>
    <ClCompile Include="ServiceDetailsProvider.cpp">
      <Filter>Details</Filter>
    </ClCompile>
    <ClCompile Include="RegHelper.cpp">
      <Filter>Source Files</Filter>
    </ClCompile>
    <ClCompile Include="AboutDlg.cpp">
      <Filter>Dialogs</Filter>
    </ClCompile>
    <ClCompile Include="NewKeyDlg.cpp">
      <Filter>Dialogs</Filter>
    </ClCompile>
    <ClCompile Include="FormatHelper.cpp">
      <Filter>Source Files</Filter>
    </ClCompile>
    <ClCompile Include="IntValueDlg.cpp">
      <Filter>Dialogs</Filter>
    </ClCompile>
    <ClCompile Include="StringValueDlg.cpp">
      <Filter>Dialogs</Filter>
    </ClCompile>
    <ClCompile Include="RenameValueCommand.cpp">
      <Filter>Commands</Filter>
    </ClCompile>
    <ClCompile Include="MultiStringValueDlg.cpp">
      <Filter>Dialogs</Filter>
    </ClCompile>
    <ClCompile Include="DeleteKeyCommand.cpp">
      <Filter>Commands</Filter>
    </ClCompile>
    <ClCompile Include="BinaryValueDlg.cpp">
      <Filter>Dialogs</Filter>
    </ClCompile>
    <ClCompile Include="SecurityInformation.cpp">
      <Filter>Source Files</Filter>
    </ClCompile>
    <ClCompile Include="SortHelper.cpp">
      <Filter>Source Files</Filter>
    </ClCompile>
    <ClCompile Include="DialogHelper.cpp">
      <Filter>Source Files</Filter>
    </ClCompile>
  </ItemGroup>
  <ItemGroup>
    <ClInclude Include="stdafx.h">
      <Filter>Header Files</Filter>
    </ClInclude>
    <ClInclude Include="MainFrm.h">
      <Filter>Header Files</Filter>
    </ClInclude>
    <ClInclude Include="View.h">
      <Filter>Header Files</Filter>
    </ClInclude>
    <ClInclude Include="resource.h">
      <Filter>Header Files</Filter>
    </ClInclude>
    <ClInclude Include="TreeNode.h">
      <Filter>Header Files</Filter>
    </ClInclude>
    <ClInclude Include="RegistryManager.h">
      <Filter>Header Files</Filter>
    </ClInclude>
    <ClInclude Include="TreeNodes.h">
      <Filter>Header Files</Filter>
    </ClInclude>
    <ClInclude Include="Internals.h">
      <Filter>Header Files</Filter>
    </ClInclude>
    <ClInclude Include="AppCommandBase.h">
      <Filter>Header Files</Filter>
    </ClInclude>
    <ClInclude Include="CommandManager.h">
      <Filter>Header Files</Filter>
    </ClInclude>
    <ClInclude Include="CreateNewKeyCommand.h">
      <Filter>Commands</Filter>
    </ClInclude>
    <ClInclude Include="AppContext.h">
      <Filter>Header Files</Filter>
    </ClInclude>
    <ClInclude Include="RenameKeyCommand.h">
      <Filter>Commands</Filter>
    </ClInclude>
    <ClInclude Include="IDetailsProvider.h">
      <Filter>Header Files</Filter>
    </ClInclude>
    <ClInclude Include="ServiceDetailsProvider.h">
      <Filter>Details</Filter>
    </ClInclude>
    <ClInclude Include="RegHelper.h">
      <Filter>Header Files</Filter>
    </ClInclude>
    <ClInclude Include="AboutDlg.h">
      <Filter>Dialogs</Filter>
    </ClInclude>
    <ClInclude Include="IntValueDlg.h">
      <Filter>Dialogs</Filter>
    </ClInclude>
    <ClInclude Include="NewKeyDlg.h">
      <Filter>Dialogs</Filter>
    </ClInclude>
    <ClInclude Include="FormatHelper.h">
      <Filter>Header Files</Filter>
    </ClInclude>
    <ClInclude Include="ChangeValueCommand.h">
      <Filter>Commands</Filter>
    </ClInclude>
    <ClInclude Include="UICommon.h">
      <Filter>Header Files</Filter>
    </ClInclude>
    <ClInclude Include="StringValueDlg.h">
      <Filter>Dialogs</Filter>
    </ClInclude>
    <ClInclude Include="RenameValueCommand.h">
      <Filter>Commands</Filter>
    </ClInclude>
    <ClInclude Include="MultiStringValueDlg.h">
      <Filter>Dialogs</Filter>
    </ClInclude>
    <ClInclude Include="CreateNewValueCommand.h">
      <Filter>Commands</Filter>
    </ClInclude>
    <ClInclude Include="DeleteKeyCommand.h">
      <Filter>Commands</Filter>
    </ClInclude>
    <ClInclude Include="BinaryValueDlg.h">
      <Filter>Dialogs</Filter>
    </ClInclude>
    <ClInclude Include="ToolBarHelper.h">
      <Filter>Header Files</Filter>
    </ClInclude>
    <ClInclude Include="VirtualListView.h">
      <Filter>Header Files</Filter>
    </ClInclude>
    <ClInclude Include="DialogHelper.h">
      <Filter>Header Files</Filter>
    </ClInclude>
  </ItemGroup>
  <ItemGroup>
    <ResourceCompile Include="RegEditX.rc">
      <Filter>Resource Files</Filter>
    </ResourceCompile>
  </ItemGroup>
  <ItemGroup>
    <Image Include="res\binary.ico">
      <Filter>Resource Files\Icons</Filter>
    </Image>
    <Image Include="res\folder.ico">
      <Filter>Resource Files\Icons</Filter>
    </Image>
    <Image Include="res\folder-open.ico">
      <Filter>Resource Files\Icons</Filter>
    </Image>
    <Image Include="res\hive.ico">
      <Filter>Resource Files\Icons</Filter>
    </Image>
    <Image Include="res\laptop.ico">
      <Filter>Resource Files\Icons</Filter>
    </Image>
    <Image Include="res\RegEditX.ico">
      <Filter>Resource Files\Icons</Filter>
    </Image>
    <Image Include="res\text.ico">
      <Filter>Resource Files\Icons</Filter>
    </Image>
    <Image Include="res\up.ico">
      <Filter>Resource Files\Icons</Filter>
    </Image>
    <Image Include="res\button-help.ico">
      <Filter>Resource Files\Icons</Filter>
    </Image>
    <Image Include="res\button-refresh.ico">
      <Filter>Resource Files\Icons</Filter>
    </Image>
    <Image Include="res\clipboard-copy.ico">
      <Filter>Resource Files\Icons</Filter>
    </Image>
    <Image Include="res\clipboard-cut.ico">
      <Filter>Resource Files\Icons</Filter>
    </Image>
    <Image Include="res\command-redo-2.ico">
      <Filter>Resource Files\Icons</Filter>
    </Image>
    <Image Include="res\command-undo-2.ico">
      <Filter>Resource Files\Icons</Filter>
    </Image>
    <Image Include="res\folder-filled.ico">
      <Filter>Resource Files\Icons</Filter>
    </Image>
    <Image Include="res\folder-filled-new.ico">
      <Filter>Resource Files\Icons</Filter>
    </Image>
    <Image Include="res\folder-open-filled.ico">
      <Filter>Resource Files\Icons</Filter>
    </Image>
    <Image Include="res\format-text.ico">
      <Filter>Resource Files\Icons</Filter>
    </Image>
    <Image Include="res\padlock-round-filled.ico">
      <Filter>Resource Files\Icons</Filter>
    </Image>
    <Image Include="res\properties-filled.ico">
      <Filter>Resource Files\Icons</Filter>
    </Image>
    <Image Include="res\rename.ico">
      <Filter>Resource Files\Icons</Filter>
    </Image>
    <Image Include="res\type-binary.ico">
      <Filter>Resource Files\Icons</Filter>
    </Image>
    <Image Include="res\symbol-delete.ico">
      <Filter>Resource Files\Icons</Filter>
    </Image>
    <Image Include="res\clipboard-paste.ico">
      <Filter>Resource Files\Icons</Filter>
    </Image>
    <Image Include="res\security-edit-filled.ico">
      <Filter>Resource Files\Icons</Filter>
    </Image>
    <Image Include="res\view_details.ico">
      <Filter>Resource Files\Icons</Filter>
    </Image>
    <Image Include="res\view_large_icons.ico">
      <Filter>Resource Files\Icons</Filter>
    </Image>
    <Image Include="res\view_list.ico">
      <Filter>Resource Files\Icons</Filter>
    </Image>
    <Image Include="res\view_small_icons.ico">
      <Filter>Resource Files\Icons</Filter>
    </Image>
    <Image Include="res\ok.ico">
      <Filter>Resource Files\Icons</Filter>
    </Image>
    <Image Include="res\delete.ico">
      <Filter>Resource Files\Icons</Filter>
    </Image>
    <Image Include="res\view.ico">
      <Filter>Resource Files\Icons</Filter>
    </Image>
    <Image Include="res\button-add.ico">
      <Filter>Resource Files\Icons</Filter>
    </Image>
  </ItemGroup>
  <ItemGroup>
    <None Include="packages.config" />
  </ItemGroup>
</Project>